
Microsoft Visual Studio Solution File, Format Version 12.00
# Visual Studio 15
VisualStudioVersion = 15.0.27130.2027
MinimumVisualStudioVersion = 10.0.40219.1
Project("{FAE04EC0-301F-11D3-BF4B-00C04F79EFBC}") = "Lab5", "Lab5\Lab5.csproj", "{B6720F7A-9AAF-4D3F-ADB6-401E9C51228A}"
EndProject
Global
	GlobalSection(SolutionConfigurationPlatforms) = preSolution
		Debug|Any CPU = Debug|Any CPU
		Release|Any CPU = Release|Any CPU
	EndGlobalSection
	GlobalSection(ProjectConfigurationPlatforms) = postSolution
		{B6720F7A-9AAF-4D3F-ADB6-401E9C51228A}.Debug|Any CPU.ActiveCfg = Debug|Any CPU
		{B6720F7A-9AAF-4D3F-ADB6-401E9C51228A}.Debug|Any CPU.Build.0 = Debug|Any CPU
		{B6720F7A-9AAF-4D3F-ADB6-401E9C51228A}.Release|Any CPU.ActiveCfg = Release|Any CPU
		{B6720F7A-9AAF-4D3F-ADB6-401E9C51228A}.Release|Any CPU.Build.0 = Release|Any CPU
	EndGlobalSection
	GlobalSection(SolutionProperties) = preSolution
		HideSolutionNode = FALSE
	EndGlobalSection
	GlobalSection(ExtensibilityGlobals) = postSolution
		SolutionGuid = {434ED8AD-3B5C-4E4D-931B-DFF710408FF8}
	EndGlobalSection
EndGlobal
