
Microsoft Visual Studio Solution File, Format Version 12.00
# Visual Studio 15
VisualStudioVersion = 15.0.27130.2027
MinimumVisualStudioVersion = 10.0.40219.1
Project("{FAE04EC0-301F-11D3-BF4B-00C04F79EFBC}") = "Lab5.0", "Lab5.0\Lab5.0.csproj", "{DDB9446A-FA30-4DCD-8DD4-7CD80E29AC40}"
EndProject
Global
	GlobalSection(SolutionConfigurationPlatforms) = preSolution
		Debug|Any CPU = Debug|Any CPU
		Release|Any CPU = Release|Any CPU
	EndGlobalSection
	GlobalSection(ProjectConfigurationPlatforms) = postSolution
		{DDB9446A-FA30-4DCD-8DD4-7CD80E29AC40}.Debug|Any CPU.ActiveCfg = Debug|Any CPU
		{DDB9446A-FA30-4DCD-8DD4-7CD80E29AC40}.Debug|Any CPU.Build.0 = Debug|Any CPU
		{DDB9446A-FA30-4DCD-8DD4-7CD80E29AC40}.Release|Any CPU.ActiveCfg = Release|Any CPU
		{DDB9446A-FA30-4DCD-8DD4-7CD80E29AC40}.Release|Any CPU.Build.0 = Release|Any CPU
	EndGlobalSection
	GlobalSection(SolutionProperties) = preSolution
		HideSolutionNode = FALSE
	EndGlobalSection
	GlobalSection(ExtensibilityGlobals) = postSolution
		SolutionGuid = {4D0D4E2F-B912-4FFB-BCE4-54F1B4382424}
	EndGlobalSection
EndGlobal
