
Microsoft Visual Studio Solution File, Format Version 12.00
# Visual Studio 15
VisualStudioVersion = 15.0.27130.2020
MinimumVisualStudioVersion = 10.0.40219.1
Project("{FAE04EC0-301F-11D3-BF4B-00C04F79EFBC}") = "Lab6", "Lab6\Lab6.csproj", "{26714A00-20E2-479F-BBE8-9686BA0D09C1}"
EndProject
Global
	GlobalSection(SolutionConfigurationPlatforms) = preSolution
		Debug|Any CPU = Debug|Any CPU
		Release|Any CPU = Release|Any CPU
	EndGlobalSection
	GlobalSection(ProjectConfigurationPlatforms) = postSolution
		{26714A00-20E2-479F-BBE8-9686BA0D09C1}.Debug|Any CPU.ActiveCfg = Debug|Any CPU
		{26714A00-20E2-479F-BBE8-9686BA0D09C1}.Debug|Any CPU.Build.0 = Debug|Any CPU
		{26714A00-20E2-479F-BBE8-9686BA0D09C1}.Release|Any CPU.ActiveCfg = Release|Any CPU
		{26714A00-20E2-479F-BBE8-9686BA0D09C1}.Release|Any CPU.Build.0 = Release|Any CPU
	EndGlobalSection
	GlobalSection(SolutionProperties) = preSolution
		HideSolutionNode = FALSE
	EndGlobalSection
	GlobalSection(ExtensibilityGlobals) = postSolution
		SolutionGuid = {4AA91FF1-C5F2-40CB-9C3A-7E935D0CFE69}
	EndGlobalSection
EndGlobal
