
Microsoft Visual Studio Solution File, Format Version 12.00
# Visual Studio 15
VisualStudioVersion = 15.0.27130.2020
MinimumVisualStudioVersion = 10.0.40219.1
Project("{FAE04EC0-301F-11D3-BF4B-00C04F79EFBC}") = "Lab7", "Lab7\Lab7.csproj", "{246233EE-91AC-4AB6-B0A0-B271A0D988B6}"
EndProject
Global
	GlobalSection(SolutionConfigurationPlatforms) = preSolution
		Debug|Any CPU = Debug|Any CPU
		Release|Any CPU = Release|Any CPU
	EndGlobalSection
	GlobalSection(ProjectConfigurationPlatforms) = postSolution
		{246233EE-91AC-4AB6-B0A0-B271A0D988B6}.Debug|Any CPU.ActiveCfg = Debug|Any CPU
		{246233EE-91AC-4AB6-B0A0-B271A0D988B6}.Debug|Any CPU.Build.0 = Debug|Any CPU
		{246233EE-91AC-4AB6-B0A0-B271A0D988B6}.Release|Any CPU.ActiveCfg = Release|Any CPU
		{246233EE-91AC-4AB6-B0A0-B271A0D988B6}.Release|Any CPU.Build.0 = Release|Any CPU
	EndGlobalSection
	GlobalSection(SolutionProperties) = preSolution
		HideSolutionNode = FALSE
	EndGlobalSection
	GlobalSection(ExtensibilityGlobals) = postSolution
		SolutionGuid = {19CC7862-5C11-493D-9250-05066F664844}
	EndGlobalSection
EndGlobal
