
Microsoft Visual Studio Solution File, Format Version 12.00
# Visual Studio 15
VisualStudioVersion = 15.0.27130.2020
MinimumVisualStudioVersion = 10.0.40219.1
Project("{FAE04EC0-301F-11D3-BF4B-00C04F79EFBC}") = "Lab4", "Lab4\Lab4.csproj", "{BC944024-5F54-4459-BF41-0C2A3532124E}"
EndProject
Global
	GlobalSection(SolutionConfigurationPlatforms) = preSolution
		Debug|Any CPU = Debug|Any CPU
		Release|Any CPU = Release|Any CPU
	EndGlobalSection
	GlobalSection(ProjectConfigurationPlatforms) = postSolution
		{BC944024-5F54-4459-BF41-0C2A3532124E}.Debug|Any CPU.ActiveCfg = Debug|Any CPU
		{BC944024-5F54-4459-BF41-0C2A3532124E}.Debug|Any CPU.Build.0 = Debug|Any CPU
		{BC944024-5F54-4459-BF41-0C2A3532124E}.Release|Any CPU.ActiveCfg = Release|Any CPU
		{BC944024-5F54-4459-BF41-0C2A3532124E}.Release|Any CPU.Build.0 = Release|Any CPU
	EndGlobalSection
	GlobalSection(SolutionProperties) = preSolution
		HideSolutionNode = FALSE
	EndGlobalSection
	GlobalSection(ExtensibilityGlobals) = postSolution
		SolutionGuid = {2822F863-F6EA-43A0-8600-AC6C72AAEDFF}
	EndGlobalSection
EndGlobal
