
Microsoft Visual Studio Solution File, Format Version 12.00
# Visual Studio 15
VisualStudioVersion = 15.0.27130.2020
MinimumVisualStudioVersion = 10.0.40219.1
Project("{FAE04EC0-301F-11D3-BF4B-00C04F79EFBC}") = "Hello,World", "Hello,World\Hello,World.csproj", "{2F659551-012A-47BD-B229-9C31E4769714}"
EndProject
Global
	GlobalSection(SolutionConfigurationPlatforms) = preSolution
		Debug|Any CPU = Debug|Any CPU
		Release|Any CPU = Release|Any CPU
	EndGlobalSection
	GlobalSection(ProjectConfigurationPlatforms) = postSolution
		{2F659551-012A-47BD-B229-9C31E4769714}.Debug|Any CPU.ActiveCfg = Debug|Any CPU
		{2F659551-012A-47BD-B229-9C31E4769714}.Debug|Any CPU.Build.0 = Debug|Any CPU
		{2F659551-012A-47BD-B229-9C31E4769714}.Release|Any CPU.ActiveCfg = Release|Any CPU
		{2F659551-012A-47BD-B229-9C31E4769714}.Release|Any CPU.Build.0 = Release|Any CPU
	EndGlobalSection
	GlobalSection(SolutionProperties) = preSolution
		HideSolutionNode = FALSE
	EndGlobalSection
	GlobalSection(ExtensibilityGlobals) = postSolution
		SolutionGuid = {BC1E776D-D81D-459D-BDEE-5E664260E800}
	EndGlobalSection
EndGlobal
