
Microsoft Visual Studio Solution File, Format Version 12.00
# Visual Studio 15
VisualStudioVersion = 15.0.27130.2020
MinimumVisualStudioVersion = 10.0.40219.1
Project("{FAE04EC0-301F-11D3-BF4B-00C04F79EFBC}") = "Program1", "Program1\Program1.csproj", "{D74FC61E-089E-417D-94DD-F91D4329DC29}"
EndProject
Global
	GlobalSection(SolutionConfigurationPlatforms) = preSolution
		Debug|Any CPU = Debug|Any CPU
		Release|Any CPU = Release|Any CPU
	EndGlobalSection
	GlobalSection(ProjectConfigurationPlatforms) = postSolution
		{D74FC61E-089E-417D-94DD-F91D4329DC29}.Debug|Any CPU.ActiveCfg = Debug|Any CPU
		{D74FC61E-089E-417D-94DD-F91D4329DC29}.Debug|Any CPU.Build.0 = Debug|Any CPU
		{D74FC61E-089E-417D-94DD-F91D4329DC29}.Release|Any CPU.ActiveCfg = Release|Any CPU
		{D74FC61E-089E-417D-94DD-F91D4329DC29}.Release|Any CPU.Build.0 = Release|Any CPU
	EndGlobalSection
	GlobalSection(SolutionProperties) = preSolution
		HideSolutionNode = FALSE
	EndGlobalSection
	GlobalSection(ExtensibilityGlobals) = postSolution
		SolutionGuid = {C453B323-2DA7-4B0B-8866-BBEBB9697FB8}
	EndGlobalSection
EndGlobal
